("quicklisp" .
 (:class qlot/source/dist:source-dist
  :initargs (:distribution "https://beta.quicklisp.org/dist/quicklisp.txt" :%version :latest)
  :version "2025-06-22"))
("coalton" .
 (:class qlot/source/github:source-github
  :initargs (:repos "coalton-lang/coalton" :ref nil :branch nil :tag nil)
  :version "github-e036678655bebca1873332f0412051a803ab3c63"))
("fset" .
 (:class qlot/source/github:source-github
  :initargs (:repos "slburson/fset" :ref nil :branch nil :tag nil)
  :version "github-d61ddbb9b7d14af259980b8b9ffbfd07d9b10429"))
("misc-extensions" .
 (:class qlot/source/github:source-github
  :initargs (:repos "slburson/misc-extensions" :ref nil :branch nil :tag nil)
  :version "github-515d3d9c70eb88413147931b39fcd27c5f728197"))
("fosskers-filepaths" .
 (:class qlot/source/ultralisp:source-ultralisp
  :initargs (:%version :latest)
  :version "ultralisp-20250724220000"))
